Microsoft Visual Studio Solution File, Format Version 12.00
# Visual Studio Version 17
VisualStudioVersion = 17.5.2.0
MinimumVisualStudioVersion = 10.0.40219.1
Project("{FAE04EC0-301F-11D3-BF4B-00C04F79EFBC}") = "CS2TraceRay", "CS2TraceRay\CS2TraceRay.csproj", "{A8FF093A-0119-1BA7-5D55-F96019F8F83A}"
EndProject
Project("{FAE04EC0-301F-11D3-BF4B-00C04F79EFBC}") = "ThirdPerson", "ThirdPerson\ThirdPerson.csproj", "{A88D6DB0-599F-49FC-240E-F43BF84D0FB8}"
EndProject
Global
	GlobalSection(SolutionConfigurationPlatforms) = preSolution
		Debug|Any CPU = Debug|Any CPU
		Release|Any CPU = Release|Any CPU
	EndGlobalSection
	GlobalSection(ProjectConfigurationPlatforms) = postSolution
		{A8FF093A-0119-1BA7-5D55-F96019F8F83A}.Debug|Any CPU.ActiveCfg = Debug|Any CPU
		{A8FF093A-0119-1BA7-5D55-F96019F8F83A}.Debug|Any CPU.Build.0 = Debug|Any CPU
		{A8FF093A-0119-1BA7-5D55-F96019F8F83A}.Release|Any CPU.ActiveCfg = Release|Any CPU
		{A8FF093A-0119-1BA7-5D55-F96019F8F83A}.Release|Any CPU.Build.0 = Release|Any CPU
		{A88D6DB0-599F-49FC-240E-F43BF84D0FB8}.Debug|Any CPU.ActiveCfg = Debug|Any CPU
		{A88D6DB0-599F-49FC-240E-F43BF84D0FB8}.Debug|Any CPU.Build.0 = Debug|Any CPU
		{A88D6DB0-599F-49FC-240E-F43BF84D0FB8}.Release|Any CPU.ActiveCfg = Release|Any CPU
		{A88D6DB0-599F-49FC-240E-F43BF84D0FB8}.Release|Any CPU.Build.0 = Release|Any CPU
	EndGlobalSection
	GlobalSection(SolutionProperties) = preSolution
		HideSolutionNode = FALSE
	EndGlobalSection
	GlobalSection(ExtensibilityGlobals) = postSolution
		SolutionGuid = {2AEF77FE-D306-4FF3-BEDB-86161236469F}
	EndGlobalSection
EndGlobal
